
Microsoft Visual Studio Solution File, Format Version 12.00
# Visual Studio 15
VisualStudioVersion = 15.0.28010.2036
MinimumVisualStudioVersion = 10.0.40219.1
Project("{FAE04EC0-301F-11D3-BF4B-00C04F79EFBC}") = "LINQRepetition", "LINQRepetition\LINQRepetition.csproj", "{3B8BAB98-0057-4A89-92CF-0B16A4748CE5}"
EndProject
Project("{FAE04EC0-301F-11D3-BF4B-00C04F79EFBC}") = "BankApp", "BankApp\BankApp.csproj", "{66A8AABB-647E-4A0A-A56C-42A99657DB6B}"
EndProject
Global
	GlobalSection(SolutionConfigurationPlatforms) = preSolution
		Debug|Any CPU = Debug|Any CPU
		Release|Any CPU = Release|Any CPU
	EndGlobalSection
	GlobalSection(ProjectConfigurationPlatforms) = postSolution
		{3B8BAB98-0057-4A89-92CF-0B16A4748CE5}.Debug|Any CPU.ActiveCfg = Debug|Any CPU
		{3B8BAB98-0057-4A89-92CF-0B16A4748CE5}.Debug|Any CPU.Build.0 = Debug|Any CPU
		{3B8BAB98-0057-4A89-92CF-0B16A4748CE5}.Release|Any CPU.ActiveCfg = Release|Any CPU
		{3B8BAB98-0057-4A89-92CF-0B16A4748CE5}.Release|Any CPU.Build.0 = Release|Any CPU
		{66A8AABB-647E-4A0A-A56C-42A99657DB6B}.Debug|Any CPU.ActiveCfg = Debug|Any CPU
		{66A8AABB-647E-4A0A-A56C-42A99657DB6B}.Debug|Any CPU.Build.0 = Debug|Any CPU
		{66A8AABB-647E-4A0A-A56C-42A99657DB6B}.Release|Any CPU.ActiveCfg = Release|Any CPU
		{66A8AABB-647E-4A0A-A56C-42A99657DB6B}.Release|Any CPU.Build.0 = Release|Any CPU
	EndGlobalSection
	GlobalSection(SolutionProperties) = preSolution
		HideSolutionNode = FALSE
	EndGlobalSection
	GlobalSection(ExtensibilityGlobals) = postSolution
		SolutionGuid = {25019971-0EEE-403E-9152-557E967A9085}
	EndGlobalSection
EndGlobal
